// !$*UTF8*$!
{
	archiveVersion = 1;
	classes = {
	};
	objectVersion = 50;
	objects = {

/* Begin PBXBuildFile section */
		BF2E0BCA27A7312400A0E617 /* AppDelegate.swift in Sources */ = {isa = PBXBuildFile; fileRef = BF2E0BC927A7312400A0E617 /* AppDelegate.swift */; };
		BF2E0BCC27A7312400A0E617 /* SceneDelegate.swift in Sources */ = {isa = PBXBuildFile; fileRef = BF2E0BCB27A7312400A0E617 /* SceneDelegate.swift */; };
		BF2E0BCE27A7312400A0E617 /* ViewController.swift in Sources */ = {isa = PBXBuildFile; fileRef = BF2E0BCD27A7312400A0E617 /* ViewController.swift */; };
		BF2E0BD127A7312400A0E617 /* Main.storyboard in Resources */ = {isa = PBXBuildFile; fileRef = BF2E0BCF27A7312400A0E617 /* Main.storyboard */; };
		BF2E0BD327A7312600A0E617 /* Assets.xcassets in Resources */ = {isa = PBXBuildFile; fileRef = BF2E0BD227A7312600A0E617 /* Assets.xcassets */; };
		BF2E0BD627A7312600A0E617 /* LaunchScreen.storyboard in Resources */ = {isa = PBXBuildFile; fileRef = BF2E0BD427A7312600A0E617 /* LaunchScreen.storyboard */; };
		EC636F1F2353AE717910C36D /* Pods_login_testApp.framework in Frameworks */ = {isa = PBXBuildFile; fileRef = 3DE47B90764EC35C5147B029 /* Pods_login_testApp.framework */; };
/* End PBXBuildFile section */

/* Begin PBXFileReference section */
		3DE47B90764EC35C5147B029 /* Pods_login_testApp.framework */ = {isa = PBXFileReference; explicitFileType = wrapper.framework; includeInIndex = 0; path = Pods_login_testApp.framework; sourceTree = BUILT_PRODUCTS_DIR; };
		84A9442E203C9E787F25E492 /* Pods-login_testApp.release.xcconfig */ = {isa = PBXFileReference; includeInIndex = 1; lastKnownFileType = text.xcconfig; name = "Pods-login_testApp.release.xcconfig"; path = "Target Support Files/Pods-login_testApp/Pods-login_testApp.release.xcconfig"; sourceTree = "<group>"; };
		A5BBB179014D6C57B4337309 /* Pods-login_testApp.debug.xcconfig */ = {isa = PBXFileReference; includeInIndex = 1; lastKnownFileType = text.xcconfig; name = "Pods-login_testApp.debug.xcconfig"; path = "Target Support Files/Pods-login_testApp/Pods-login_testApp.debug.xcconfig"; sourceTree = "<group>"; };
		BF2E0BC627A7312400A0E617 /* login_testApp.app */ = {isa = PBXFileReference; explicitFileType = wrapper.application; includeInIndex = 0; path = login_testApp.app; sourceTree = BUILT_PRODUCTS_DIR; };
		BF2E0BC927A7312400A0E617 /* AppDelegate.swift */ = {isa = PBXFileReference; lastKnownFileType = sourcecode.swift; path = AppDelegate.swift; sourceTree = "<group>"; };
		BF2E0BCB27A7312400A0E617 /* SceneDelegate.swift */ = {isa = PBXFileReference; lastKnownFileType = sourcecode.swift; path = SceneDelegate.swift; sourceTree = "<group>"; };
		BF2E0BCD27A7312400A0E617 /* ViewController.swift */ = {isa = PBXFileReference; lastKnownFileType = sourcecode.swift; path = ViewController.swift; sourceTree = "<group>"; };
		BF2E0BD027A7312400A0E617 /* Base */ = {isa = PBXFileReference; lastKnownFileType = file.storyboard; name = Base; path = Base.lproj/Main.storyboard; sourceTree = "<group>"; };
		BF2E0BD227A7312600A0E617 /* Assets.xcassets */ = {isa = PBXFileReference; lastKnownFileType = folder.assetcatalog; path = Assets.xcassets; sourceTree = "<group>"; };
		BF2E0BD527A7312600A0E617 /* Base */ = {isa = PBXFileReference; lastKnownFileType = file.storyboard; name = Base; path = Base.lproj/LaunchScreen.storyboard; sourceTree = "<group>"; };
		BF2E0BD727A7312600A0E617 /* Info.plist */ = {isa = PBXFileReference; lastKnownFileType = text.plist.xml; path = Info.plist; sourceTree = "<group>"; };
/* End PBXFileReference section */

/* Begin PBXFrameworksBuildPhase section */
		BF2E0BC327A7312400A0E617 /* Frameworks */ = {
			isa = PBXFrameworksBuildPhase;
			buildActionMask = 2147483647;
			files = (
				EC636F1F2353AE717910C36D /* Pods_login_testApp.framework in Frameworks */,
			);
			runOnlyForDeploymentPostprocessing = 0;
		};
/* End PBXFrameworksBuildPhase section */

/* Begin PBXGroup section */
		0E0228304FFA8389B2CEB94E /* Frameworks */ = {
			isa = PBXGroup;
			children = (
				3DE47B90764EC35C5147B029 /* Pods_login_testApp.framework */,
			);
			name = Frameworks;
			sourceTree = "<group>";
		};
		77D611D93278EAF93A2F580F /* Pods */ = {
			isa = PBXGroup;
			children = (
				A5BBB179014D6C57B4337309 /* Pods-login_testApp.debug.xcconfig */,
				84A9442E203C9E787F25E492 /* Pods-login_testApp.release.xcconfig */,
			);
			name = Pods;
			path = Pods;
			sourceTree = "<group>";
		};
		BF2E0BBD27A7312400A0E617 = {
			isa = PBXGroup;
			children = (
				BF2E0BC827A7312400A0E617 /* login_testApp */,
				BF2E0BC727A7312400A0E617 /* Products */,
				77D611D93278EAF93A2F580F /* Pods */,
				0E0228304FFA8389B2CEB94E /* Frameworks */,
			);
			sourceTree = "<group>";
		};
		BF2E0BC727A7312400A0E617 /* Products */ = {
			isa = PBXGroup;
			children = (
				BF2E0BC627A7312400A0E617 /* login_testApp.app */,
			);
			name = Products;
			sourceTree = "<group>";
		};
		BF2E0BC827A7312400A0E617 /* login_testApp */ = {
			isa = PBXGroup;
			children = (
				BF2E0BC927A7312400A0E617 /* AppDelegate.swift */,
				BF2E0BCB27A7312400A0E617 /* SceneDelegate.swift */,
				BF2E0BCD27A7312400A0E617 /* ViewController.swift */,
				BF2E0BCF27A7312400A0E617 /* Main.storyboard */,
				BF2E0BD227A7312600A0E617 /* Assets.xcassets */,
				BF2E0BD427A7312600A0E617 /* LaunchScreen.storyboard */,
				BF2E0BD727A7312600A0E617 /* Info.plist */,
			);
			path = login_testApp;
			sourceTree = "<group>";
		};
/* End PBXGroup section */

/* Begin PBXNativeTarget section */
		BF2E0BC527A7312400A0E617 /* login_testApp */ = {
			isa = PBXNativeTarget;
			buildConfigurationList = BF2E0BDA27A7312600A0E617 /* Build configuration list for PBXNativeTarget "login_testApp" */;
			buildPhases = (
				EAB165F56ED35282EFFD9B3B /* [CP] Check Pods Manifest.lock */,
				BF2E0BC227A7312400A0E617 /* Sources */,
				BF2E0BC327A7312400A0E617 /* Frameworks */,
				BF2E0BC427A7312400A0E617 /* Resources */,
				DF6A25616976A6AA1EAAFAFF /* [CP] Embed Pods Frameworks */,
			);
			buildRules = (
			);
			dependencies = (
			);
			name = login_testApp;
			productName = login_testApp;
			productReference = BF2E0BC627A7312400A0E617 /* login_testApp.app */;
			productType = "com.apple.product-type.application";
		};
/* End PBXNativeTarget section */

/* Begin PBXProject section */
		BF2E0BBE27A7312400A0E617 /* Project object */ = {
			isa = PBXProject;
			attributes = {
				LastSwiftUpdateCheck = 1250;
				LastUpgradeCheck = 1250;
				TargetAttributes = {
					BF2E0BC527A7312400A0E617 = {
						CreatedOnToolsVersion = 12.5;
					};
				};
			};
			buildConfigurationList = BF2E0BC127A7312400A0E617 /* Build configuration list for PBXProject "login_testApp" */;
			compatibilityVersion = "Xcode 9.3";
			developmentRegion = en;
			hasScannedForEncodings = 0;
			knownRegions = (
				en,
				Base,
			);
			mainGroup = BF2E0BBD27A7312400A0E617;
			productRefGroup = BF2E0BC727A7312400A0E617 /* Products */;
			projectDirPath = "";
			projectRoot = "";
			targets = (
				BF2E0BC527A7312400A0E617 /* login_testApp */,
			);
		};
/* End PBXProject section */

/* Begin PBXResourcesBuildPhase section */
		BF2E0BC427A7312400A0E617 /* Resources */ = {
			isa = PBXResourcesBuildPhase;
			buildActionMask = 2147483647;
			files = (
				BF2E0BD627A7312600A0E617 /* LaunchScreen.storyboard in Resources */,
				BF2E0BD327A7312600A0E617 /* Assets.xcassets in Resources */,
				BF2E0BD127A7312400A0E617 /* Main.storyboard in Resources */,
			);
			runOnlyForDeploymentPostprocessing = 0;
		};
/* End PBXResourcesBuildPhase section */

/* Begin PBXShellScriptBuildPhase section */
		DF6A25616976A6AA1EAAFAFF /* [CP] Embed Pods Frameworks */ = {
			isa = PBXShellScriptBuildPhase;
			buildActionMask = 2147483647;
			files = (
			);
			inputFileListPaths = (
				"${PODS_ROOT}/Target Support Files/Pods-login_testApp/Pods-login_testApp-frameworks-${CONFIGURATION}-input-files.xcfilelist",
			);
			name = "[CP] Embed Pods Frameworks";
			outputFileListPaths = (
				"${PODS_ROOT}/Target Support Files/Pods-login_testApp/Pods-login_testApp-frameworks-${CONFIGURATION}-output-files.xcfilelist",
			);
			runOnlyForDeploymentPostprocessing = 0;
			shellPath = /bin/sh;
			shellScript = "\"${PODS_ROOT}/Target Support Files/Pods-login_testApp/Pods-login_testApp-frameworks.sh\"\n";
			showEnvVarsInLog = 0;
		};
		EAB165F56ED35282EFFD9B3B /* [CP] Check Pods Manifest.lock */ = {
			isa = PBXShellScriptBuildPhase;
			buildActionMask = 2147483647;
			files = (
			);
			inputFileListPaths = (
			);
			inputPaths = (
				"${PODS_PODFILE_DIR_PATH}/Podfile.lock",
				"${PODS_ROOT}/Manifest.lock",
			);
			name = "[CP] Check Pods Manifest.lock";
			outputFileListPaths = (
			);
			outputPaths = (
				"$(DERIVED_FILE_DIR)/Pods-login_testApp-checkManifestLockResult.txt",
			);
			runOnlyForDeploymentPostprocessing = 0;
			shellPath = /bin/sh;
			shellScript = "diff \"${PODS_PODFILE_DIR_PATH}/Podfile.lock\" \"${PODS_ROOT}/Manifest.lock\" > /dev/null\nif [ $? != 0 ] ; then\n    # print error to STDERR\n    echo \"error: The sandbox is not in sync with the Podfile.lock. Run 'pod install' or update your CocoaPods installation.\" >&2\n    exit 1\nfi\n# This output is used by Xcode 'outputs' to avoid re-running this script phase.\necho \"SUCCESS\" > \"${SCRIPT_OUTPUT_FILE_0}\"\n";
			showEnvVarsInLog = 0;
		};
/* End PBXShellScriptBuildPhase section */

/* Begin PBXSourcesBuildPhase section */
		BF2E0BC227A7312400A0E617 /* Sources */ = {
			isa = PBXSourcesBuildPhase;
			buildActionMask = 2147483647;
			files = (
				BF2E0BCE27A7312400A0E617 /* ViewController.swift in Sources */,
				BF2E0BCA27A7312400A0E617 /* AppDelegate.swift in Sources */,
				BF2E0BCC27A7312400A0E617 /* SceneDelegate.swift in Sources */,
			);
			runOnlyForDeploymentPostprocessing = 0;
		};
/* End PBXSourcesBuildPhase section */

/* Begin PBXVariantGroup section */
		BF2E0BCF27A7312400A0E617 /* Main.storyboard */ = {
			isa = PBXVariantGroup;
			children = (
				BF2E0BD027A7312400A0E617 /* Base */,
			);
			name = Main.storyboard;
			sourceTree = "<group>";
		};
		BF2E0BD427A7312600A0E617 /* LaunchScreen.storyboard */ = {
			isa = PBXVariantGroup;
			children = (
				BF2E0BD527A7312600A0E617 /* Base */,
			);
			name = LaunchScreen.storyboard;
			sourceTree = "<group>";
		};
/* End PBXVariantGroup section */

/* Begin XCBuildConfiguration section */
		BF2E0BD827A7312600A0E617 /* Debug */ = {
			isa = XCBuildConfiguration;
			buildSettings = {
				ALWAYS_SEARCH_USER_PATHS = NO;
				CLANG_ANALYZER_NONNULL = YES;
				CLANG_ANALYZER_NUMBER_OBJECT_CONVERSION = YES_AGGRESSIVE;
				CLANG_CXX_LANGUAGE_STANDARD = "gnu++14";
				CLANG_CXX_LIBRARY = "libc++";
				CLANG_ENABLE_MODULES = YES;
				CLANG_ENABLE_OBJC_ARC = YES;
				CLANG_ENABLE_OBJC_WEAK = YES;
				CLANG_WARN_BLOCK_CAPTURE_AUTORELEASING = YES;
				CLANG_WARN_BOOL_CONVERSION = YES;
				CLANG_WARN_COMMA = YES;
				CLANG_WARN_CONSTANT_CONVERSION = YES;
				CLANG_WARN_DEPRECATED_OBJC_IMPLEMENTATIONS = YES;
				CLANG_WARN_DIRECT_OBJC_ISA_USAGE = YES_ERROR;
				CLANG_WARN_DOCUMENTATION_COMMENTS = YES;
				CLANG_WARN_EMPTY_BODY = YES;
				CLANG_WARN_ENUM_CONVERSION = YES;
				CLANG_WARN_INFINITE_RECURSION = YES;
				CLANG_WARN_INT_CONVERSION = YES;
				CLANG_WARN_NON_LITERAL_NULL_CONVERSION = YES;
				CLANG_WARN_OBJC_IMPLICIT_RETAIN_SELF = YES;
				CLANG_WARN_OBJC_LITERAL_CONVERSION = YES;
				CLANG_WARN_OBJC_ROOT_CLASS = YES_ERROR;
				CLANG_WARN_QUOTED_INCLUDE_IN_FRAMEWORK_HEADER = YES;
				CLANG_WARN_RANGE_LOOP_ANALYSIS = YES;
				CLANG_WARN_STRICT_PROTOTYPES = YES;
				CLANG_WARN_SUSPICIOUS_MOVE = YES;
				CLANG_WARN_UNGUARDED_AVAILABILITY = YES_AGGRESSIVE;
				CLANG_WARN_UNREACHABLE_CODE = YES;
				CLANG_WARN__DUPLICATE_METHOD_MATCH = YES;
				COPY_PHASE_STRIP = NO;
				DEBUG_INFORMATION_FORMAT = dwarf;
				ENABLE_STRICT_OBJC_MSGSEND = YES;
				ENABLE_TESTABILITY = YES;
				GCC_C_LANGUAGE_STANDARD = gnu11;
				GCC_DYNAMIC_NO_PIC = NO;
				GCC_NO_COMMON_BLOCKS = YES;
				GCC_OPTIMIZATION_LEVEL = 0;
				GCC_PREPROCESSOR_DEFINITIONS = (
					"DEBUG=1",
					"$(inherited)",
				);
				GCC_WARN_64_TO_32_BIT_CONVERSION = YES;
				GCC_WARN_ABOUT_RETURN_TYPE = YES_ERROR;
				GCC_WARN_UNDECLARED_SELECTOR = YES;
				GCC_WARN_UNINITIALIZED_AUTOS = YES_AGGRESSIVE;
				GCC_WARN_UNUSED_FUNCTION = YES;
				GCC_WARN_UNUSED_VARIABLE = YES;
				IPHONEOS_DEPLOYMENT_TARGET = 14.5;
				MTL_ENABLE_DEBUG_INFO = INCLUDE_SOURCE;
				MTL_FAST_MATH = YES;
				ONLY_ACTIVE_ARCH = YES;
				SDKROOT = iphoneos;
				SWIFT_ACTIVE_COMPILATION_CONDITIONS = DEBUG;
				SWIFT_OPTIMIZATION_LEVEL = "-Onone";
			};
			name = Debug;
		};
		BF2E0BD927A7312600A0E617 /* Release */ = {
			isa = XCBuildConfiguration;
			buildSettings = {
				ALWAYS_SEARCH_USER_PATHS = NO;
				CLANG_ANALYZER_NONNULL = YES;
				CLANG_ANALYZER_NUMBER_OBJECT_CONVERSION = YES_AGGRESSIVE;
				CLANG_CXX_LANGUAGE_STANDARD = "gnu++14";
				CLANG_CXX_LIBRARY = "libc++";
				CLANG_ENABLE_MODULES = YES;
				CLANG_ENABLE_OBJC_ARC = YES;
				CLANG_ENABLE_OBJC_WEAK = YES;
				CLANG_WARN_BLOCK_CAPTURE_AUTORELEASING = YES;
				CLANG_WARN_BOOL_CONVERSION = YES;
				CLANG_WARN_COMMA = YES;
				CLANG_WARN_CONSTANT_CONVERSION = YES;
				CLANG_WARN_DEPRECATED_OBJC_IMPLEMENTATIONS = YES;
				CLANG_WARN_DIRECT_OBJC_ISA_USAGE = YES_ERROR;
				CLANG_WARN_DOCUMENTATION_COMMENTS = YES;
				CLANG_WARN_EMPTY_BODY = YES;
				CLANG_WARN_ENUM_CONVERSION = YES;
				CLANG_WARN_INFINITE_RECURSION = YES;
				CLANG_WARN_INT_CONVERSION = YES;
				CLANG_WARN_NON_LITERAL_NULL_CONVERSION = YES;
				CLANG_WARN_OBJC_IMPLICIT_RETAIN_SELF = YES;
				CLANG_WARN_OBJC_LITERAL_CONVERSION = YES;
				CLANG_WARN_OBJC_ROOT_CLASS = YES_ERROR;
				CLANG_WARN_QUOTED_INCLUDE_IN_FRAMEWORK_HEADER = YES;
				CLANG_WARN_RANGE_LOOP_ANALYSIS = YES;
				CLANG_WARN_STRICT_PROTOTYPES = YES;
				CLANG_WARN_SUSPICIOUS_MOVE = YES;
				CLANG_WARN_UNGUARDED_AVAILABILITY = YES_AGGRESSIVE;
				CLANG_WARN_UNREACHABLE_CODE = YES;
				CLANG_WARN__DUPLICATE_METHOD_MATCH = YES;
				COPY_PHASE_STRIP = NO;
				DEBUG_INFORMATION_FORMAT = "dwarf-with-dsym";
				ENABLE_NS_ASSERTIONS = NO;
				ENABLE_STRICT_OBJC_MSGSEND = YES;
				GCC_C_LANGUAGE_STANDARD = gnu11;
				GCC_NO_COMMON_BLOCKS = YES;
				GCC_WARN_64_TO_32_BIT_CONVERSION = YES;
				GCC_WARN_ABOUT_RETURN_TYPE = YES_ERROR;
				GCC_WARN_UNDECLARED_SELECTOR = YES;
				GCC_WARN_UNINITIALIZED_AUTOS = YES_AGGRESSIVE;
				GCC_WARN_UNUSED_FUNCTION = YES;
				GCC_WARN_UNUSED_VARIABLE = YES;
				IPHONEOS_DEPLOYMENT_TARGET = 14.5;
				MTL_ENABLE_DEBUG_INFO = NO;
				MTL_FAST_MATH = YES;
				SDKROOT = iphoneos;
				SWIFT_COMPILATION_MODE = wholemodule;
				SWIFT_OPTIMIZATION_LEVEL = "-O";
				VALIDATE_PRODUCT = YES;
			};
			name = Release;
		};
		BF2E0BDB27A7312600A0E617 /* Debug */ = {
			isa = XCBuildConfiguration;
			baseConfigurationReference = A5BBB179014D6C57B4337309 /* Pods-login_testApp.debug.xcconfig */;
			buildSettings = {
				ASSETCATALOG_COMPILER_APPICON_NAME = AppIcon;
				ASSETCATALOG_COMPILER_GLOBAL_ACCENT_COLOR_NAME = AccentColor;
				CODE_SIGN_STYLE = Automatic;
				DEVELOPMENT_TEAM = HGNXB64TGD;
				INFOPLIST_FILE = login_testApp/Info.plist;
				LD_RUNPATH_SEARCH_PATHS = (
					"$(inherited)",
					"@executable_path/Frameworks",
				);
				PRODUCT_BUNDLE_IDENTIFIER = "max.com.login-testApp";
				PRODUCT_NAME = "$(TARGET_NAME)";
				SWIFT_VERSION = 5.0;
				TARGETED_DEVICE_FAMILY = "1,2";
			};
			name = Debug;
		};
		BF2E0BDC27A7312600A0E617 /* Release */ = {
			isa = XCBuildConfiguration;
			baseConfigurationReference = 84A9442E203C9E787F25E492 /* Pods-login_testApp.release.xcconfig */;
			buildSettings = {
				ASSETCATALOG_COMPILER_APPICON_NAME = AppIcon;
				ASSETCATALOG_COMPILER_GLOBAL_ACCENT_COLOR_NAME = AccentColor;
				CODE_SIGN_STYLE = Automatic;
				DEVELOPMENT_TEAM = HGNXB64TGD;
				INFOPLIST_FILE = login_testApp/Info.plist;
				LD_RUNPATH_SEARCH_PATHS = (
					"$(inherited)",
					"@executable_path/Frameworks",
				);
				PRODUCT_BUNDLE_IDENTIFIER = "max.com.login-testApp";
				PRODUCT_NAME = "$(TARGET_NAME)";
				SWIFT_VERSION = 5.0;
				TARGETED_DEVICE_FAMILY = "1,2";
			};
			name = Release;
		};
/* End XCBuildConfiguration section */

/* Begin XCConfigurationList section */
		BF2E0BC127A7312400A0E617 /* Build configuration list for PBXProject "login_testApp" */ = {
			isa = XCConfigurationList;
			buildConfigurations = (
				BF2E0BD827A7312600A0E617 /* Debug */,
				BF2E0BD927A7312600A0E617 /* Release */,
			);
			defaultConfigurationIsVisible = 0;
			defaultConfigurationName = Release;
		};
		BF2E0BDA27A7312600A0E617 /* Build configuration list for PBXNativeTarget "login_testApp" */ = {
			isa = XCConfigurationList;
			buildConfigurations = (
				BF2E0BDB27A7312600A0E617 /* Debug */,
				BF2E0BDC27A7312600A0E617 /* Release */,
			);
			defaultConfigurationIsVisible = 0;
			defaultConfigurationName = Release;
		};
/* End XCConfigurationList section */
	};
	rootObject = BF2E0BBE27A7312400A0E617 /* Project object */;
}
